
Microsoft Visual Studio Solution File, Format Version 12.00
# Visual Studio Version 17
VisualStudioVersion = 17.9.34714.143
MinimumVisualStudioVersion = 10.0.40219.1
Project("{2150E333-8FDC-42A3-9474-1A3956D46DE8}") = "FrontEnd", "FrontEnd", "{84839FEF-ED59-4290-A0DA-AA10ADB3A2CB}"
EndProject
Project("{2150E333-8FDC-42A3-9474-1A3956D46DE8}") = "GateWay", "GateWay", "{1FE80BD9-CCA2-4F50-B35D-654FD3128767}"
EndProject
Project("{2150E333-8FDC-42A3-9474-1A3956D46DE8}") = "Integration", "Integration", "{FCCCC053-173A-455F-A255-B14F0CB5DF5E}"
EndProject
Project("{2150E333-8FDC-42A3-9474-1A3956D46DE8}") = "Services", "Services", "{6BFABF54-64F8-4329-9AB0-904274B76991}"
EndProject
Project("{9A19103F-16F7-4668-BE54-9A1E7A4F7556}") = "Mango.Services.Coupon.API", "Mango.Services.Coupon.API\Mango.Services.Coupon.API.csproj", "{2EC75B83-0F30-40FD-8664-54086DEFE64B}"
EndProject
Project("{9A19103F-16F7-4668-BE54-9A1E7A4F7556}") = "Mango.Web", "Mango.Web\Mango.Web.csproj", "{AD86E667-DDD1-4950-9173-698FA11F0539}"
EndProject
Project("{9A19103F-16F7-4668-BE54-9A1E7A4F7556}") = "Mango.Services.ProductAPI", "Mango.Services.ProductAPI\Mango.Services.ProductAPI.csproj", "{30B73D2F-F912-4F9D-8267-94B0C5EB1F1E}"
EndProject
Project("{FAE04EC0-301F-11D3-BF4B-00C04F79EFBC}") = "Mango.Services.AuthAPI", "Mango.Services.AuthAPI\Mango.Services.AuthAPI.csproj", "{DBD1110B-1419-4880-ACA8-0F450F244F09}"
EndProject
Global
	GlobalSection(SolutionConfigurationPlatforms) = preSolution
		Debug|Any CPU = Debug|Any CPU
		Release|Any CPU = Release|Any CPU
	EndGlobalSection
	GlobalSection(ProjectConfigurationPlatforms) = postSolution
		{2EC75B83-0F30-40FD-8664-54086DEFE64B}.Debug|Any CPU.ActiveCfg = Debug|Any CPU
		{2EC75B83-0F30-40FD-8664-54086DEFE64B}.Debug|Any CPU.Build.0 = Debug|Any CPU
		{2EC75B83-0F30-40FD-8664-54086DEFE64B}.Release|Any CPU.ActiveCfg = Release|Any CPU
		{2EC75B83-0F30-40FD-8664-54086DEFE64B}.Release|Any CPU.Build.0 = Release|Any CPU
		{AD86E667-DDD1-4950-9173-698FA11F0539}.Debug|Any CPU.ActiveCfg = Debug|Any CPU
		{AD86E667-DDD1-4950-9173-698FA11F0539}.Debug|Any CPU.Build.0 = Debug|Any CPU
		{AD86E667-DDD1-4950-9173-698FA11F0539}.Release|Any CPU.ActiveCfg = Release|Any CPU
		{AD86E667-DDD1-4950-9173-698FA11F0539}.Release|Any CPU.Build.0 = Release|Any CPU
		{30B73D2F-F912-4F9D-8267-94B0C5EB1F1E}.Debug|Any CPU.ActiveCfg = Debug|Any CPU
		{30B73D2F-F912-4F9D-8267-94B0C5EB1F1E}.Debug|Any CPU.Build.0 = Debug|Any CPU
		{30B73D2F-F912-4F9D-8267-94B0C5EB1F1E}.Release|Any CPU.ActiveCfg = Release|Any CPU
		{30B73D2F-F912-4F9D-8267-94B0C5EB1F1E}.Release|Any CPU.Build.0 = Release|Any CPU
		{DBD1110B-1419-4880-ACA8-0F450F244F09}.Debug|Any CPU.ActiveCfg = Debug|Any CPU
		{DBD1110B-1419-4880-ACA8-0F450F244F09}.Debug|Any CPU.Build.0 = Debug|Any CPU
		{DBD1110B-1419-4880-ACA8-0F450F244F09}.Release|Any CPU.ActiveCfg = Release|Any CPU
		{DBD1110B-1419-4880-ACA8-0F450F244F09}.Release|Any CPU.Build.0 = Release|Any CPU
	EndGlobalSection
	GlobalSection(SolutionProperties) = preSolution
		HideSolutionNode = FALSE
	EndGlobalSection
	GlobalSection(NestedProjects) = preSolution
		{2EC75B83-0F30-40FD-8664-54086DEFE64B} = {6BFABF54-64F8-4329-9AB0-904274B76991}
		{AD86E667-DDD1-4950-9173-698FA11F0539} = {84839FEF-ED59-4290-A0DA-AA10ADB3A2CB}
		{30B73D2F-F912-4F9D-8267-94B0C5EB1F1E} = {6BFABF54-64F8-4329-9AB0-904274B76991}
		{DBD1110B-1419-4880-ACA8-0F450F244F09} = {6BFABF54-64F8-4329-9AB0-904274B76991}
	EndGlobalSection
	GlobalSection(ExtensibilityGlobals) = postSolution
		SolutionGuid = {6335D7B2-0A8E-4AC5-9505-B4DFD0F2981D}
	EndGlobalSection
EndGlobal
